
Microsoft Visual Studio Solution File, Format Version 12.00
# Visual Studio Version 16
VisualStudioVersion = 16.0.32228.343
MinimumVisualStudioVersion = 10.0.40219.1
Project("{FAE04EC0-301F-11D3-BF4B-00C04F79EFBC}") = "Wouse", "Wouse\Wouse.csproj", "{5C60EBB2-C40E-4303-A9A9-AA3052E18DC9}"
EndProject
Project("{FAE04EC0-301F-11D3-BF4B-00C04F79EFBC}") = "MvcEntity", "MvcEntity\MvcEntity.csproj", "{C143889D-1334-4F44-B42E-9A2EF6CD63C9}"
EndProject
Project("{FAE04EC0-301F-11D3-BF4B-00C04F79EFBC}") = "logic", "logic\logic.csproj", "{EB6F0E3B-E205-4573-B384-5933F92AACB3}"
EndProject
Global
	GlobalSection(SolutionConfigurationPlatforms) = preSolution
		Debug|Any CPU = Debug|Any CPU
		Release|Any CPU = Release|Any CPU
	EndGlobalSection
	GlobalSection(ProjectConfigurationPlatforms) = postSolution
		{5C60EBB2-C40E-4303-A9A9-AA3052E18DC9}.Debug|Any CPU.ActiveCfg = Debug|Any CPU
		{5C60EBB2-C40E-4303-A9A9-AA3052E18DC9}.Debug|Any CPU.Build.0 = Debug|Any CPU
		{5C60EBB2-C40E-4303-A9A9-AA3052E18DC9}.Release|Any CPU.ActiveCfg = Release|Any CPU
		{5C60EBB2-C40E-4303-A9A9-AA3052E18DC9}.Release|Any CPU.Build.0 = Release|Any CPU
		{C143889D-1334-4F44-B42E-9A2EF6CD63C9}.Debug|Any CPU.ActiveCfg = Debug|Any CPU
		{C143889D-1334-4F44-B42E-9A2EF6CD63C9}.Debug|Any CPU.Build.0 = Debug|Any CPU
		{C143889D-1334-4F44-B42E-9A2EF6CD63C9}.Release|Any CPU.ActiveCfg = Release|Any CPU
		{C143889D-1334-4F44-B42E-9A2EF6CD63C9}.Release|Any CPU.Build.0 = Release|Any CPU
		{EB6F0E3B-E205-4573-B384-5933F92AACB3}.Debug|Any CPU.ActiveCfg = Debug|Any CPU
		{EB6F0E3B-E205-4573-B384-5933F92AACB3}.Debug|Any CPU.Build.0 = Debug|Any CPU
		{EB6F0E3B-E205-4573-B384-5933F92AACB3}.Release|Any CPU.ActiveCfg = Release|Any CPU
		{EB6F0E3B-E205-4573-B384-5933F92AACB3}.Release|Any CPU.Build.0 = Release|Any CPU
	EndGlobalSection
	GlobalSection(SolutionProperties) = preSolution
		HideSolutionNode = FALSE
	EndGlobalSection
	GlobalSection(ExtensibilityGlobals) = postSolution
		SolutionGuid = {F7C90534-6D20-42B1-8E9F-951E4F02CE40}
	EndGlobalSection
EndGlobal
